// !$*UTF8*$!
{
	archiveVersion = 1;
	classes = {
	};
	objectVersion = 50;
	objects = {

/* Begin PBXBuildFile section */
		815083BB21EC6BE500004D45 /* AppDelegate.m in Sources */ = {isa = PBXBuildFile; fileRef = 815083BA21EC6BE500004D45 /* AppDelegate.m */; };
		815083BE21EC6BE500004D45 /* ViewController.m in Sources */ = {isa = PBXBuildFile; fileRef = 815083BD21EC6BE500004D45 /* ViewController.m */; };
		815083C121EC6BE500004D45 /* Main.storyboard in Resources */ = {isa = PBXBuildFile; fileRef = 815083BF21EC6BE500004D45 /* Main.storyboard */; };
		815083C321EC6BE700004D45 /* Assets.xcassets in Resources */ = {isa = PBXBuildFile; fileRef = 815083C221EC6BE700004D45 /* Assets.xcassets */; };
		815083C621EC6BE700004D45 /* LaunchScreen.storyboard in Resources */ = {isa = PBXBuildFile; fileRef = 815083C421EC6BE700004D45 /* LaunchScreen.storyboard */; };
		815083C921EC6BE700004D45 /* main.m in Sources */ = {isa = PBXBuildFile; fileRef = 815083C821EC6BE700004D45 /* main.m */; };
/* End PBXBuildFile section */

/* Begin PBXFileReference section */
		815083B621EC6BE500004D45 /* coldstartExample.app */ = {isa = PBXFileReference; explicitFileType = wrapper.application; includeInIndex = 0; path = coldstartExample.app; sourceTree = BUILT_PRODUCTS_DIR; };
		815083B921EC6BE500004D45 /* AppDelegate.h */ = {isa = PBXFileReference; lastKnownFileType = sourcecode.c.h; path = AppDelegate.h; sourceTree = "<group>"; };
		815083BA21EC6BE500004D45 /* AppDelegate.m */ = {isa = PBXFileReference; lastKnownFileType = sourcecode.c.objc; path = AppDelegate.m; sourceTree = "<group>"; };
		815083BC21EC6BE500004D45 /* ViewController.h */ = {isa = PBXFileReference; lastKnownFileType = sourcecode.c.h; path = ViewController.h; sourceTree = "<group>"; };
		815083BD21EC6BE500004D45 /* ViewController.m */ = {isa = PBXFileReference; lastKnownFileType = sourcecode.c.objc; path = ViewController.m; sourceTree = "<group>"; };
		815083C021EC6BE500004D45 /* Base */ = {isa = PBXFileReference; lastKnownFileType = file.storyboard; name = Base; path = Base.lproj/Main.storyboard; sourceTree = "<group>"; };
		815083C221EC6BE700004D45 /* Assets.xcassets */ = {isa = PBXFileReference; lastKnownFileType = folder.assetcatalog; path = Assets.xcassets; sourceTree = "<group>"; };
		815083C521EC6BE700004D45 /* Base */ = {isa = PBXFileReference; lastKnownFileType = file.storyboard; name = Base; path = Base.lproj/LaunchScreen.storyboard; sourceTree = "<group>"; };
		815083C721EC6BE700004D45 /* Info.plist */ = {isa = PBXFileReference; lastKnownFileType = text.plist.xml; path = Info.plist; sourceTree = "<group>"; };
		815083C821EC6BE700004D45 /* main.m */ = {isa = PBXFileReference; lastKnownFileType = sourcecode.c.objc; path = main.m; sourceTree = "<group>"; };
/* End PBXFileReference section */

/* Begin PBXFrameworksBuildPhase section */
		815083B321EC6BE500004D45 /* Frameworks */ = {
			isa = PBXFrameworksBuildPhase;
			buildActionMask = 2147483647;
			files = (
			);
			runOnlyForDeploymentPostprocessing = 0;
		};
/* End PBXFrameworksBuildPhase section */

/* Begin PBXGroup section */
		815083AD21EC6BE500004D45 = {
			isa = PBXGroup;
			children = (
				815083B821EC6BE500004D45 /* coldstartExample */,
				815083B721EC6BE500004D45 /* Products */,
			);
			sourceTree = "<group>";
		};
		815083B721EC6BE500004D45 /* Products */ = {
			isa = PBXGroup;
			children = (
				815083B621EC6BE500004D45 /* coldstartExample.app */,
			);
			name = Products;
			sourceTree = "<group>";
		};
		815083B821EC6BE500004D45 /* coldstartExample */ = {
			isa = PBXGroup;
			children = (
				815083B921EC6BE500004D45 /* AppDelegate.h */,
				815083BA21EC6BE500004D45 /* AppDelegate.m */,
				815083BC21EC6BE500004D45 /* ViewController.h */,
				815083BD21EC6BE500004D45 /* ViewController.m */,
				815083BF21EC6BE500004D45 /* Main.storyboard */,
				815083C221EC6BE700004D45 /* Assets.xcassets */,
				815083C421EC6BE700004D45 /* LaunchScreen.storyboard */,
				815083C721EC6BE700004D45 /* Info.plist */,
				815083C821EC6BE700004D45 /* main.m */,
			);
			path = coldstartExample;
			sourceTree = "<group>";
		};
/* End PBXGroup section */

/* Begin PBXNativeTarget section */
		815083B521EC6BE500004D45 /* coldstartExample */ = {
			isa = PBXNativeTarget;
			buildConfigurationList = 815083CC21EC6BE700004D45 /* Build configuration list for PBXNativeTarget "coldstartExample" */;
			buildPhases = (
				815083B221EC6BE500004D45 /* Sources */,
				815083B321EC6BE500004D45 /* Frameworks */,
				815083B421EC6BE500004D45 /* Resources */,
			);
			buildRules = (
			);
			dependencies = (
			);
			name = coldstartExample;
			productName = coldstartExample;
			productReference = 815083B621EC6BE500004D45 /* coldstartExample.app */;
			productType = "com.apple.product-type.application";
		};
/* End PBXNativeTarget section */

/* Begin PBXProject section */
		815083AE21EC6BE500004D45 /* Project object */ = {
			isa = PBXProject;
			attributes = {
				LastUpgradeCheck = 1010;
				ORGANIZATIONNAME = chenxiaosong;
				TargetAttributes = {
					815083B521EC6BE500004D45 = {
						CreatedOnToolsVersion = 10.1;
					};
				};
			};
			buildConfigurationList = 815083B121EC6BE500004D45 /* Build configuration list for PBXProject "coldstartExample" */;
			compatibilityVersion = "Xcode 9.3";
			developmentRegion = en;
			hasScannedForEncodings = 0;
			knownRegions = (
				en,
				Base,
			);
			mainGroup = 815083AD21EC6BE500004D45;
			productRefGroup = 815083B721EC6BE500004D45 /* Products */;
			projectDirPath = "";
			projectRoot = "";
			targets = (
				815083B521EC6BE500004D45 /* coldstartExample */,
			);
		};
/* End PBXProject section */

/* Begin PBXResourcesBuildPhase section */
		815083B421EC6BE500004D45 /* Resources */ = {
			isa = PBXResourcesBuildPhase;
			buildActionMask = 2147483647;
			files = (
				815083C621EC6BE700004D45 /* LaunchScreen.storyboard in Resources */,
				815083C321EC6BE700004D45 /* Assets.xcassets in Resources */,
				815083C121EC6BE500004D45 /* Main.storyboard in Resources */,
			);
			runOnlyForDeploymentPostprocessing = 0;
		};
/* End PBXResourcesBuildPhase section */

/* Begin PBXSourcesBuildPhase section */
		815083B221EC6BE500004D45 /* Sources */ = {
			isa = PBXSourcesBuildPhase;
			buildActionMask = 2147483647;
			files = (
				815083BE21EC6BE500004D45 /* ViewController.m in Sources */,
				815083C921EC6BE700004D45 /* main.m in Sources */,
				815083BB21EC6BE500004D45 /* AppDelegate.m in Sources */,
			);
			runOnlyForDeploymentPostprocessing = 0;
		};
/* End PBXSourcesBuildPhase section */

/* Begin PBXVariantGroup section */
		815083BF21EC6BE500004D45 /* Main.storyboard */ = {
			isa = PBXVariantGroup;
			children = (
				815083C021EC6BE500004D45 /* Base */,
			);
			name = Main.storyboard;
			sourceTree = "<group>";
		};
		815083C421EC6BE700004D45 /* LaunchScreen.storyboard */ = {
			isa = PBXVariantGroup;
			children = (
				815083C521EC6BE700004D45 /* Base */,
			);
			name = LaunchScreen.storyboard;
			sourceTree = "<group>";
		};
/* End PBXVariantGroup section */

/* Begin XCBuildConfiguration section */
		815083CA21EC6BE700004D45 /* Debug */ = {
			isa = XCBuildConfiguration;
			buildSettings = {
				ALWAYS_SEARCH_USER_PATHS = NO;
				CLANG_ANALYZER_NONNULL = YES;
				CLANG_ANALYZER_NUMBER_OBJECT_CONVERSION = YES_AGGRESSIVE;
				CLANG_CXX_LANGUAGE_STANDARD = "gnu++14";
				CLANG_CXX_LIBRARY = "libc++";
				CLANG_ENABLE_MODULES = YES;
				CLANG_ENABLE_OBJC_ARC = YES;
				CLANG_ENABLE_OBJC_WEAK = YES;
				CLANG_WARN_BLOCK_CAPTURE_AUTORELEASING = YES;
				CLANG_WARN_BOOL_CONVERSION = YES;
				CLANG_WARN_COMMA = YES;
				CLANG_WARN_CONSTANT_CONVERSION = YES;
				CLANG_WARN_DEPRECATED_OBJC_IMPLEMENTATIONS = YES;
				CLANG_WARN_DIRECT_OBJC_ISA_USAGE = YES_ERROR;
				CLANG_WARN_DOCUMENTATION_COMMENTS = YES;
				CLANG_WARN_EMPTY_BODY = YES;
				CLANG_WARN_ENUM_CONVERSION = YES;
				CLANG_WARN_INFINITE_RECURSION = YES;
				CLANG_WARN_INT_CONVERSION = YES;
				CLANG_WARN_NON_LITERAL_NULL_CONVERSION = YES;
				CLANG_WARN_OBJC_IMPLICIT_RETAIN_SELF = YES;
				CLANG_WARN_OBJC_LITERAL_CONVERSION = YES;
				CLANG_WARN_OBJC_ROOT_CLASS = YES_ERROR;
				CLANG_WARN_RANGE_LOOP_ANALYSIS = YES;
				CLANG_WARN_STRICT_PROTOTYPES = YES;
				CLANG_WARN_SUSPICIOUS_MOVE = YES;
				CLANG_WARN_UNGUARDED_AVAILABILITY = YES_AGGRESSIVE;
				CLANG_WARN_UNREACHABLE_CODE = YES;
				CLANG_WARN__DUPLICATE_METHOD_MATCH = YES;
				CODE_SIGN_IDENTITY = "iPhone Developer";
				COPY_PHASE_STRIP = NO;
				DEBUG_INFORMATION_FORMAT = dwarf;
				ENABLE_STRICT_OBJC_MSGSEND = YES;
				ENABLE_TESTABILITY = YES;
				GCC_C_LANGUAGE_STANDARD = gnu11;
				GCC_DYNAMIC_NO_PIC = NO;
				GCC_NO_COMMON_BLOCKS = YES;
				GCC_OPTIMIZATION_LEVEL = 0;
				GCC_PREPROCESSOR_DEFINITIONS = (
					"DEBUG=1",
					"$(inherited)",
				);
				GCC_WARN_64_TO_32_BIT_CONVERSION = YES;
				GCC_WARN_ABOUT_RETURN_TYPE = YES_ERROR;
				GCC_WARN_UNDECLARED_SELECTOR = YES;
				GCC_WARN_UNINITIALIZED_AUTOS = YES_AGGRESSIVE;
				GCC_WARN_UNUSED_FUNCTION = YES;
				GCC_WARN_UNUSED_VARIABLE = YES;
				IPHONEOS_DEPLOYMENT_TARGET = 12.1;
				MTL_ENABLE_DEBUG_INFO = INCLUDE_SOURCE;
				MTL_FAST_MATH = YES;
				ONLY_ACTIVE_ARCH = YES;
				SDKROOT = iphoneos;
			};
			name = Debug;
		};
		815083CB21EC6BE700004D45 /* Release */ = {
			isa = XCBuildConfiguration;
			buildSettings = {
				ALWAYS_SEARCH_USER_PATHS = NO;
				CLANG_ANALYZER_NONNULL = YES;
				CLANG_ANALYZER_NUMBER_OBJECT_CONVERSION = YES_AGGRESSIVE;
				CLANG_CXX_LANGUAGE_STANDARD = "gnu++14";
				CLANG_CXX_LIBRARY = "libc++";
				CLANG_ENABLE_MODULES = YES;
				CLANG_ENABLE_OBJC_ARC = YES;
				CLANG_ENABLE_OBJC_WEAK = YES;
				CLANG_WARN_BLOCK_CAPTURE_AUTORELEASING = YES;
				CLANG_WARN_BOOL_CONVERSION = YES;
				CLANG_WARN_COMMA = YES;
				CLANG_WARN_CONSTANT_CONVERSION = YES;
				CLANG_WARN_DEPRECATED_OBJC_IMPLEMENTATIONS = YES;
				CLANG_WARN_DIRECT_OBJC_ISA_USAGE = YES_ERROR;
				CLANG_WARN_DOCUMENTATION_COMMENTS = YES;
				CLANG_WARN_EMPTY_BODY = YES;
				CLANG_WARN_ENUM_CONVERSION = YES;
				CLANG_WARN_INFINITE_RECURSION = YES;
				CLANG_WARN_INT_CONVERSION = YES;
				CLANG_WARN_NON_LITERAL_NULL_CONVERSION = YES;
				CLANG_WARN_OBJC_IMPLICIT_RETAIN_SELF = YES;
				CLANG_WARN_OBJC_LITERAL_CONVERSION = YES;
				CLANG_WARN_OBJC_ROOT_CLASS = YES_ERROR;
				CLANG_WARN_RANGE_LOOP_ANALYSIS = YES;
				CLANG_WARN_STRICT_PROTOTYPES = YES;
				CLANG_WARN_SUSPICIOUS_MOVE = YES;
				CLANG_WARN_UNGUARDED_AVAILABILITY = YES_AGGRESSIVE;
				CLANG_WARN_UNREACHABLE_CODE = YES;
				CLANG_WARN__DUPLICATE_METHOD_MATCH = YES;
				CODE_SIGN_IDENTITY = "iPhone Developer";
				COPY_PHASE_STRIP = NO;
				DEBUG_INFORMATION_FORMAT = "dwarf-with-dsym";
				ENABLE_NS_ASSERTIONS = NO;
				ENABLE_STRICT_OBJC_MSGSEND = YES;
				GCC_C_LANGUAGE_STANDARD = gnu11;
				GCC_NO_COMMON_BLOCKS = YES;
				GCC_WARN_64_TO_32_BIT_CONVERSION = YES;
				GCC_WARN_ABOUT_RETURN_TYPE = YES_ERROR;
				GCC_WARN_UNDECLARED_SELECTOR = YES;
				GCC_WARN_UNINITIALIZED_AUTOS = YES_AGGRESSIVE;
				GCC_WARN_UNUSED_FUNCTION = YES;
				GCC_WARN_UNUSED_VARIABLE = YES;
				IPHONEOS_DEPLOYMENT_TARGET = 12.1;
				MTL_ENABLE_DEBUG_INFO = NO;
				MTL_FAST_MATH = YES;
				SDKROOT = iphoneos;
				VALIDATE_PRODUCT = YES;
			};
			name = Release;
		};
		815083CD21EC6BE700004D45 /* Debug */ = {
			isa = XCBuildConfiguration;
			buildSettings = {
				ASSETCATALOG_COMPILER_APPICON_NAME = AppIcon;
				CODE_SIGN_STYLE = Automatic;
				DEVELOPMENT_TEAM = 28Z3NQ8CYP;
				INFOPLIST_FILE = coldstartExample/Info.plist;
				LD_RUNPATH_SEARCH_PATHS = (
					"$(inherited)",
					"@executable_path/Frameworks",
				);
				PRODUCT_BUNDLE_IDENTIFIER = com.zhitian.coldstartExample;
				PRODUCT_NAME = "$(TARGET_NAME)";
				TARGETED_DEVICE_FAMILY = "1,2";
			};
			name = Debug;
		};
		815083CE21EC6BE700004D45 /* Release */ = {
			isa = XCBuildConfiguration;
			buildSettings = {
				ASSETCATALOG_COMPILER_APPICON_NAME = AppIcon;
				CODE_SIGN_STYLE = Automatic;
				DEVELOPMENT_TEAM = 28Z3NQ8CYP;
				INFOPLIST_FILE = coldstartExample/Info.plist;
				LD_RUNPATH_SEARCH_PATHS = (
					"$(inherited)",
					"@executable_path/Frameworks",
				);
				PRODUCT_BUNDLE_IDENTIFIER = com.zhitian.coldstartExample;
				PRODUCT_NAME = "$(TARGET_NAME)";
				TARGETED_DEVICE_FAMILY = "1,2";
			};
			name = Release;
		};
/* End XCBuildConfiguration section */

/* Begin XCConfigurationList section */
		815083B121EC6BE500004D45 /* Build configuration list for PBXProject "coldstartExample" */ = {
			isa = XCConfigurationList;
			buildConfigurations = (
				815083CA21EC6BE700004D45 /* Debug */,
				815083CB21EC6BE700004D45 /* Release */,
			);
			defaultConfigurationIsVisible = 0;
			defaultConfigurationName = Release;
		};
		815083CC21EC6BE700004D45 /* Build configuration list for PBXNativeTarget "coldstartExample" */ = {
			isa = XCConfigurationList;
			buildConfigurations = (
				815083CD21EC6BE700004D45 /* Debug */,
				815083CE21EC6BE700004D45 /* Release */,
			);
			defaultConfigurationIsVisible = 0;
			defaultConfigurationName = Release;
		};
/* End XCConfigurationList section */
	};
	rootObject = 815083AE21EC6BE500004D45 /* Project object */;
}
